
Microsoft Visual Studio Solution File, Format Version 12.00
# Visual Studio 2013
VisualStudioVersion = 12.0.21005.1
MinimumVisualStudioVersion = 10.0.40219.1
Project("{FAE04EC0-301F-11D3-BF4B-00C04F79EFBC}") = "Pathfinder", "Pathfinder\Pathfinder.csproj", "{7BD1EC7D-6F3B-4FC6-91BF-6ACE2E9E3ECA}"
EndProject
Project("{FAE04EC0-301F-11D3-BF4B-00C04F79EFBC}") = "Pathfinder.UnitTests", "Pathfinder.UnitTests\Pathfinder.UnitTests.csproj", "{605BB945-E7D7-4098-A95C-5CBF04BD96AA}"
EndProject
Project("{FAE04EC0-301F-11D3-BF4B-00C04F79EFBC}") = "Pathfinder.Console", "Pathfinder.Console\Pathfinder.Console.csproj", "{60EAFC15-9650-4F3F-8DA5-607F4B46F2F6}"
EndProject
Global
	GlobalSection(SolutionConfigurationPlatforms) = preSolution
		Debug|Any CPU = Debug|Any CPU
		Release|Any CPU = Release|Any CPU
	EndGlobalSection
	GlobalSection(ProjectConfigurationPlatforms) = postSolution
		{7BD1EC7D-6F3B-4FC6-91BF-6ACE2E9E3ECA}.Debug|Any CPU.ActiveCfg = Debug|Any CPU
		{7BD1EC7D-6F3B-4FC6-91BF-6ACE2E9E3ECA}.Debug|Any CPU.Build.0 = Debug|Any CPU
		{7BD1EC7D-6F3B-4FC6-91BF-6ACE2E9E3ECA}.Release|Any CPU.ActiveCfg = Release|Any CPU
		{7BD1EC7D-6F3B-4FC6-91BF-6ACE2E9E3ECA}.Release|Any CPU.Build.0 = Release|Any CPU
		{605BB945-E7D7-4098-A95C-5CBF04BD96AA}.Debug|Any CPU.ActiveCfg = Debug|Any CPU
		{605BB945-E7D7-4098-A95C-5CBF04BD96AA}.Debug|Any CPU.Build.0 = Debug|Any CPU
		{605BB945-E7D7-4098-A95C-5CBF04BD96AA}.Release|Any CPU.ActiveCfg = Release|Any CPU
		{605BB945-E7D7-4098-A95C-5CBF04BD96AA}.Release|Any CPU.Build.0 = Release|Any CPU
		{60EAFC15-9650-4F3F-8DA5-607F4B46F2F6}.Debug|Any CPU.ActiveCfg = Debug|Any CPU
		{60EAFC15-9650-4F3F-8DA5-607F4B46F2F6}.Debug|Any CPU.Build.0 = Debug|Any CPU
		{60EAFC15-9650-4F3F-8DA5-607F4B46F2F6}.Release|Any CPU.ActiveCfg = Release|Any CPU
		{60EAFC15-9650-4F3F-8DA5-607F4B46F2F6}.Release|Any CPU.Build.0 = Release|Any CPU
	EndGlobalSection
	GlobalSection(SolutionProperties) = preSolution
		HideSolutionNode = FALSE
	EndGlobalSection
EndGlobal
